// !$*UTF8*$!
{
	archiveVersion = 1;
	classes = {
	};
	objectVersion = 56;
	objects = {

/* Begin PBXBuildFile section */
		CD1792702BF2D07E00B082C0 /* HW3App.swift in Sources */ = {isa = PBXBuildFile; fileRef = CD17926F2BF2D07E00B082C0 /* HW3App.swift */; };
		CD1792722BF2D07E00B082C0 /* ContentView.swift in Sources */ = {isa = PBXBuildFile; fileRef = CD1792712BF2D07E00B082C0 /* ContentView.swift */; };
		CD1792742BF2D08500B082C0 /* Assets.xcassets in Resources */ = {isa = PBXBuildFile; fileRef = CD1792732BF2D08500B082C0 /* Assets.xcassets */; };
		CD1792772BF2D08500B082C0 /* Preview Assets.xcassets in Resources */ = {isa = PBXBuildFile; fileRef = CD1792762BF2D08500B082C0 /* Preview Assets.xcassets */; };
		CD1792812BF2D08500B082C0 /* HW3Tests.swift in Sources */ = {isa = PBXBuildFile; fileRef = CD1792802BF2D08500B082C0 /* HW3Tests.swift */; };
		CD17928B2BF2D08500B082C0 /* HW3UITests.swift in Sources */ = {isa = PBXBuildFile; fileRef = CD17928A2BF2D08500B082C0 /* HW3UITests.swift */; };
		CD17928D2BF2D08500B082C0 /* HW3UITestsLaunchTests.swift in Sources */ = {isa = PBXBuildFile; fileRef = CD17928C2BF2D08500B082C0 /* HW3UITestsLaunchTests.swift */; };
		CD17929C2BFAD36D00B082C0 /* MealScreen.swift in Sources */ = {isa = PBXBuildFile; fileRef = CD17929B2BFAD36D00B082C0 /* MealScreen.swift */; };
		CD17929E2BFAD38500B082C0 /* WorkoutScreen.swift in Sources */ = {isa = PBXBuildFile; fileRef = CD17929D2BFAD38500B082C0 /* WorkoutScreen.swift */; };
		CD1792A02BFAD70700B082C0 /* HomeScreen.swift in Sources */ = {isa = PBXBuildFile; fileRef = CD17929F2BFAD70700B082C0 /* HomeScreen.swift */; };
/* End PBXBuildFile section */

/* Begin PBXContainerItemProxy section */
		CD17927D2BF2D08500B082C0 /* PBXContainerItemProxy */ = {
			isa = PBXContainerItemProxy;
			containerPortal = CD1792642BF2D07E00B082C0 /* Project object */;
			proxyType = 1;
			remoteGlobalIDString = CD17926B2BF2D07E00B082C0;
			remoteInfo = HW3;
		};
		CD1792872BF2D08500B082C0 /* PBXContainerItemProxy */ = {
			isa = PBXContainerItemProxy;
			containerPortal = CD1792642BF2D07E00B082C0 /* Project object */;
			proxyType = 1;
			remoteGlobalIDString = CD17926B2BF2D07E00B082C0;
			remoteInfo = HW3;
		};
/* End PBXContainerItemProxy section */

/* Begin PBXFileReference section */
		CD17926C2BF2D07E00B082C0 /* HW3.app */ = {isa = PBXFileReference; explicitFileType = wrapper.application; includeInIndex = 0; path = HW3.app; sourceTree = BUILT_PRODUCTS_DIR; };
		CD17926F2BF2D07E00B082C0 /* HW3App.swift */ = {isa = PBXFileReference; lastKnownFileType = sourcecode.swift; path = HW3App.swift; sourceTree = "<group>"; };
		CD1792712BF2D07E00B082C0 /* ContentView.swift */ = {isa = PBXFileReference; lastKnownFileType = sourcecode.swift; path = ContentView.swift; sourceTree = "<group>"; };
		CD1792732BF2D08500B082C0 /* Assets.xcassets */ = {isa = PBXFileReference; lastKnownFileType = folder.assetcatalog; path = Assets.xcassets; sourceTree = "<group>"; };
		CD1792762BF2D08500B082C0 /* Preview Assets.xcassets */ = {isa = PBXFileReference; lastKnownFileType = folder.assetcatalog; path = "Preview Assets.xcassets"; sourceTree = "<group>"; };
		CD17927C2BF2D08500B082C0 /* HW3Tests.xctest */ = {isa = PBXFileReference; explicitFileType = wrapper.cfbundle; includeInIndex = 0; path = HW3Tests.xctest; sourceTree = BUILT_PRODUCTS_DIR; };
		CD1792802BF2D08500B082C0 /* HW3Tests.swift */ = {isa = PBXFileReference; lastKnownFileType = sourcecode.swift; path = HW3Tests.swift; sourceTree = "<group>"; };
		CD1792862BF2D08500B082C0 /* HW3UITests.xctest */ = {isa = PBXFileReference; explicitFileType = wrapper.cfbundle; includeInIndex = 0; path = HW3UITests.xctest; sourceTree = BUILT_PRODUCTS_DIR; };
		CD17928A2BF2D08500B082C0 /* HW3UITests.swift */ = {isa = PBXFileReference; lastKnownFileType = sourcecode.swift; path = HW3UITests.swift; sourceTree = "<group>"; };
		CD17928C2BF2D08500B082C0 /* HW3UITestsLaunchTests.swift */ = {isa = PBXFileReference; lastKnownFileType = sourcecode.swift; path = HW3UITestsLaunchTests.swift; sourceTree = "<group>"; };
		CD17929B2BFAD36D00B082C0 /* MealScreen.swift */ = {isa = PBXFileReference; lastKnownFileType = sourcecode.swift; path = MealScreen.swift; sourceTree = "<group>"; };
		CD17929D2BFAD38500B082C0 /* WorkoutScreen.swift */ = {isa = PBXFileReference; lastKnownFileType = sourcecode.swift; path = WorkoutScreen.swift; sourceTree = "<group>"; };
		CD17929F2BFAD70700B082C0 /* HomeScreen.swift */ = {isa = PBXFileReference; lastKnownFileType = sourcecode.swift; path = HomeScreen.swift; sourceTree = "<group>"; };
/* End PBXFileReference section */

/* Begin PBXFrameworksBuildPhase section */
		CD1792692BF2D07E00B082C0 /* Frameworks */ = {
			isa = PBXFrameworksBuildPhase;
			buildActionMask = 2147483647;
			files = (
			);
			runOnlyForDeploymentPostprocessing = 0;
		};
		CD1792792BF2D08500B082C0 /* Frameworks */ = {
			isa = PBXFrameworksBuildPhase;
			buildActionMask = 2147483647;
			files = (
			);
			runOnlyForDeploymentPostprocessing = 0;
		};
		CD1792832BF2D08500B082C0 /* Frameworks */ = {
			isa = PBXFrameworksBuildPhase;
			buildActionMask = 2147483647;
			files = (
			);
			runOnlyForDeploymentPostprocessing = 0;
		};
/* End PBXFrameworksBuildPhase section */

/* Begin PBXGroup section */
		CD1792632BF2D07E00B082C0 = {
			isa = PBXGroup;
			children = (
				CD17926E2BF2D07E00B082C0 /* HW3 */,
				CD17927F2BF2D08500B082C0 /* HW3Tests */,
				CD1792892BF2D08500B082C0 /* HW3UITests */,
				CD17926D2BF2D07E00B082C0 /* Products */,
			);
			sourceTree = "<group>";
		};
		CD17926D2BF2D07E00B082C0 /* Products */ = {
			isa = PBXGroup;
			children = (
				CD17926C2BF2D07E00B082C0 /* HW3.app */,
				CD17927C2BF2D08500B082C0 /* HW3Tests.xctest */,
				CD1792862BF2D08500B082C0 /* HW3UITests.xctest */,
			);
			name = Products;
			sourceTree = "<group>";
		};
		CD17926E2BF2D07E00B082C0 /* HW3 */ = {
			isa = PBXGroup;
			children = (
				CD17926F2BF2D07E00B082C0 /* HW3App.swift */,
				CD1792712BF2D07E00B082C0 /* ContentView.swift */,
				CD17929B2BFAD36D00B082C0 /* MealScreen.swift */,
				CD17929D2BFAD38500B082C0 /* WorkoutScreen.swift */,
				CD17929F2BFAD70700B082C0 /* HomeScreen.swift */,
				CD1792732BF2D08500B082C0 /* Assets.xcassets */,
				CD1792752BF2D08500B082C0 /* Preview Content */,
			);
			path = HW3;
			sourceTree = "<group>";
		};
		CD1792752BF2D08500B082C0 /* Preview Content */ = {
			isa = PBXGroup;
			children = (
				CD1792762BF2D08500B082C0 /* Preview Assets.xcassets */,
			);
			path = "Preview Content";
			sourceTree = "<group>";
		};
		CD17927F2BF2D08500B082C0 /* HW3Tests */ = {
			isa = PBXGroup;
			children = (
				CD1792802BF2D08500B082C0 /* HW3Tests.swift */,
			);
			path = HW3Tests;
			sourceTree = "<group>";
		};
		CD1792892BF2D08500B082C0 /* HW3UITests */ = {
			isa = PBXGroup;
			children = (
				CD17928A2BF2D08500B082C0 /* HW3UITests.swift */,
				CD17928C2BF2D08500B082C0 /* HW3UITestsLaunchTests.swift */,
			);
			path = HW3UITests;
			sourceTree = "<group>";
		};
/* End PBXGroup section */

/* Begin PBXNativeTarget section */
		CD17926B2BF2D07E00B082C0 /* HW3 */ = {
			isa = PBXNativeTarget;
			buildConfigurationList = CD1792902BF2D08500B082C0 /* Build configuration list for PBXNativeTarget "HW3" */;
			buildPhases = (
				CD1792682BF2D07E00B082C0 /* Sources */,
				CD1792692BF2D07E00B082C0 /* Frameworks */,
				CD17926A2BF2D07E00B082C0 /* Resources */,
			);
			buildRules = (
			);
			dependencies = (
			);
			name = HW3;
			productName = HW3;
			productReference = CD17926C2BF2D07E00B082C0 /* HW3.app */;
			productType = "com.apple.product-type.application";
		};
		CD17927B2BF2D08500B082C0 /* HW3Tests */ = {
			isa = PBXNativeTarget;
			buildConfigurationList = CD1792932BF2D08500B082C0 /* Build configuration list for PBXNativeTarget "HW3Tests" */;
			buildPhases = (
				CD1792782BF2D08500B082C0 /* Sources */,
				CD1792792BF2D08500B082C0 /* Frameworks */,
				CD17927A2BF2D08500B082C0 /* Resources */,
			);
			buildRules = (
			);
			dependencies = (
				CD17927E2BF2D08500B082C0 /* PBXTargetDependency */,
			);
			name = HW3Tests;
			productName = HW3Tests;
			productReference = CD17927C2BF2D08500B082C0 /* HW3Tests.xctest */;
			productType = "com.apple.product-type.bundle.unit-test";
		};
		CD1792852BF2D08500B082C0 /* HW3UITests */ = {
			isa = PBXNativeTarget;
			buildConfigurationList = CD1792962BF2D08500B082C0 /* Build configuration list for PBXNativeTarget "HW3UITests" */;
			buildPhases = (
				CD1792822BF2D08500B082C0 /* Sources */,
				CD1792832BF2D08500B082C0 /* Frameworks */,
				CD1792842BF2D08500B082C0 /* Resources */,
			);
			buildRules = (
			);
			dependencies = (
				CD1792882BF2D08500B082C0 /* PBXTargetDependency */,
			);
			name = HW3UITests;
			productName = HW3UITests;
			productReference = CD1792862BF2D08500B082C0 /* HW3UITests.xctest */;
			productType = "com.apple.product-type.bundle.ui-testing";
		};
/* End PBXNativeTarget section */

/* Begin PBXProject section */
		CD1792642BF2D07E00B082C0 /* Project object */ = {
			isa = PBXProject;
			attributes = {
				BuildIndependentTargetsInParallel = 1;
				LastSwiftUpdateCheck = 1530;
				LastUpgradeCheck = 1530;
				TargetAttributes = {
					CD17926B2BF2D07E00B082C0 = {
						CreatedOnToolsVersion = 15.3;
					};
					CD17927B2BF2D08500B082C0 = {
						CreatedOnToolsVersion = 15.3;
						TestTargetID = CD17926B2BF2D07E00B082C0;
					};
					CD1792852BF2D08500B082C0 = {
						CreatedOnToolsVersion = 15.3;
						TestTargetID = CD17926B2BF2D07E00B082C0;
					};
				};
			};
			buildConfigurationList = CD1792672BF2D07E00B082C0 /* Build configuration list for PBXProject "HW3" */;
			compatibilityVersion = "Xcode 14.0";
			developmentRegion = en;
			hasScannedForEncodings = 0;
			knownRegions = (
				en,
				Base,
			);
			mainGroup = CD1792632BF2D07E00B082C0;
			productRefGroup = CD17926D2BF2D07E00B082C0 /* Products */;
			projectDirPath = "";
			projectRoot = "";
			targets = (
				CD17926B2BF2D07E00B082C0 /* HW3 */,
				CD17927B2BF2D08500B082C0 /* HW3Tests */,
				CD1792852BF2D08500B082C0 /* HW3UITests */,
			);
		};
/* End PBXProject section */

/* Begin PBXResourcesBuildPhase section */
		CD17926A2BF2D07E00B082C0 /* Resources */ = {
			isa = PBXResourcesBuildPhase;
			buildActionMask = 2147483647;
			files = (
				CD1792772BF2D08500B082C0 /* Preview Assets.xcassets in Resources */,
				CD1792742BF2D08500B082C0 /* Assets.xcassets in Resources */,
			);
			runOnlyForDeploymentPostprocessing = 0;
		};
		CD17927A2BF2D08500B082C0 /* Resources */ = {
			isa = PBXResourcesBuildPhase;
			buildActionMask = 2147483647;
			files = (
			);
			runOnlyForDeploymentPostprocessing = 0;
		};
		CD1792842BF2D08500B082C0 /* Resources */ = {
			isa = PBXResourcesBuildPhase;
			buildActionMask = 2147483647;
			files = (
			);
			runOnlyForDeploymentPostprocessing = 0;
		};
/* End PBXResourcesBuildPhase section */

/* Begin PBXSourcesBuildPhase section */
		CD1792682BF2D07E00B082C0 /* Sources */ = {
			isa = PBXSourcesBuildPhase;
			buildActionMask = 2147483647;
			files = (
				CD1792722BF2D07E00B082C0 /* ContentView.swift in Sources */,
				CD1792702BF2D07E00B082C0 /* HW3App.swift in Sources */,
				CD1792A02BFAD70700B082C0 /* HomeScreen.swift in Sources */,
				CD17929E2BFAD38500B082C0 /* WorkoutScreen.swift in Sources */,
				CD17929C2BFAD36D00B082C0 /* MealScreen.swift in Sources */,
			);
			runOnlyForDeploymentPostprocessing = 0;
		};
		CD1792782BF2D08500B082C0 /* Sources */ = {
			isa = PBXSourcesBuildPhase;
			buildActionMask = 2147483647;
			files = (
				CD1792812BF2D08500B082C0 /* HW3Tests.swift in Sources */,
			);
			runOnlyForDeploymentPostprocessing = 0;
		};
		CD1792822BF2D08500B082C0 /* Sources */ = {
			isa = PBXSourcesBuildPhase;
			buildActionMask = 2147483647;
			files = (
				CD17928B2BF2D08500B082C0 /* HW3UITests.swift in Sources */,
				CD17928D2BF2D08500B082C0 /* HW3UITestsLaunchTests.swift in Sources */,
			);
			runOnlyForDeploymentPostprocessing = 0;
		};
/* End PBXSourcesBuildPhase section */

/* Begin PBXTargetDependency section */
		CD17927E2BF2D08500B082C0 /* PBXTargetDependency */ = {
			isa = PBXTargetDependency;
			target = CD17926B2BF2D07E00B082C0 /* HW3 */;
			targetProxy = CD17927D2BF2D08500B082C0 /* PBXContainerItemProxy */;
		};
		CD1792882BF2D08500B082C0 /* PBXTargetDependency */ = {
			isa = PBXTargetDependency;
			target = CD17926B2BF2D07E00B082C0 /* HW3 */;
			targetProxy = CD1792872BF2D08500B082C0 /* PBXContainerItemProxy */;
		};
/* End PBXTargetDependency section */

/* Begin XCBuildConfiguration section */
		CD17928E2BF2D08500B082C0 /* Debug */ = {
			isa = XCBuildConfiguration;
			buildSettings = {
				ALWAYS_SEARCH_USER_PATHS = NO;
				ASSETCATALOG_COMPILER_GENERATE_SWIFT_ASSET_SYMBOL_EXTENSIONS = YES;
				CLANG_ANALYZER_NONNULL = YES;
				CLANG_ANALYZER_NUMBER_OBJECT_CONVERSION = YES_AGGRESSIVE;
				CLANG_CXX_LANGUAGE_STANDARD = "gnu++20";
				CLANG_ENABLE_MODULES = YES;
				CLANG_ENABLE_OBJC_ARC = YES;
				CLANG_ENABLE_OBJC_WEAK = YES;
				CLANG_WARN_BLOCK_CAPTURE_AUTORELEASING = YES;
				CLANG_WARN_BOOL_CONVERSION = YES;
				CLANG_WARN_COMMA = YES;
				CLANG_WARN_CONSTANT_CONVERSION = YES;
				CLANG_WARN_DEPRECATED_OBJC_IMPLEMENTATIONS = YES;
				CLANG_WARN_DIRECT_OBJC_ISA_USAGE = YES_ERROR;
				CLANG_WARN_DOCUMENTATION_COMMENTS = YES;
				CLANG_WARN_EMPTY_BODY = YES;
				CLANG_WARN_ENUM_CONVERSION = YES;
				CLANG_WARN_INFINITE_RECURSION = YES;
				CLANG_WARN_INT_CONVERSION = YES;
				CLANG_WARN_NON_LITERAL_NULL_CONVERSION = YES;
				CLANG_WARN_OBJC_IMPLICIT_RETAIN_SELF = YES;
				CLANG_WARN_OBJC_LITERAL_CONVERSION = YES;
				CLANG_WARN_OBJC_ROOT_CLASS = YES_ERROR;
				CLANG_WARN_QUOTED_INCLUDE_IN_FRAMEWORK_HEADER = YES;
				CLANG_WARN_RANGE_LOOP_ANALYSIS = YES;
				CLANG_WARN_STRICT_PROTOTYPES = YES;
				CLANG_WARN_SUSPICIOUS_MOVE = YES;
				CLANG_WARN_UNGUARDED_AVAILABILITY = YES_AGGRESSIVE;
				CLANG_WARN_UNREACHABLE_CODE = YES;
				CLANG_WARN__DUPLICATE_METHOD_MATCH = YES;
				COPY_PHASE_STRIP = NO;
				DEBUG_INFORMATION_FORMAT = dwarf;
				ENABLE_STRICT_OBJC_MSGSEND = YES;
				ENABLE_TESTABILITY = YES;
				ENABLE_USER_SCRIPT_SANDBOXING = YES;
				GCC_C_LANGUAGE_STANDARD = gnu17;
				GCC_DYNAMIC_NO_PIC = NO;
				GCC_NO_COMMON_BLOCKS = YES;
				GCC_OPTIMIZATION_LEVEL = 0;
				GCC_PREPROCESSOR_DEFINITIONS = (
					"DEBUG=1",
					"$(inherited)",
				);
				GCC_WARN_64_TO_32_BIT_CONVERSION = YES;
				GCC_WARN_ABOUT_RETURN_TYPE = YES_ERROR;
				GCC_WARN_UNDECLARED_SELECTOR = YES;
				GCC_WARN_UNINITIALIZED_AUTOS = YES_AGGRESSIVE;
				GCC_WARN_UNUSED_FUNCTION = YES;
				GCC_WARN_UNUSED_VARIABLE = YES;
				IPHONEOS_DEPLOYMENT_TARGET = 17.4;
				LOCALIZATION_PREFERS_STRING_CATALOGS = YES;
				MTL_ENABLE_DEBUG_INFO = INCLUDE_SOURCE;
				MTL_FAST_MATH = YES;
				ONLY_ACTIVE_ARCH = YES;
				SDKROOT = iphoneos;
				SWIFT_ACTIVE_COMPILATION_CONDITIONS = "DEBUG $(inherited)";
				SWIFT_OPTIMIZATION_LEVEL = "-Onone";
			};
			name = Debug;
		};
		CD17928F2BF2D08500B082C0 /* Release */ = {
			isa = XCBuildConfiguration;
			buildSettings = {
				ALWAYS_SEARCH_USER_PATHS = NO;
				ASSETCATALOG_COMPILER_GENERATE_SWIFT_ASSET_SYMBOL_EXTENSIONS = YES;
				CLANG_ANALYZER_NONNULL = YES;
				CLANG_ANALYZER_NUMBER_OBJECT_CONVERSION = YES_AGGRESSIVE;
				CLANG_CXX_LANGUAGE_STANDARD = "gnu++20";
				CLANG_ENABLE_MODULES = YES;
				CLANG_ENABLE_OBJC_ARC = YES;
				CLANG_ENABLE_OBJC_WEAK = YES;
				CLANG_WARN_BLOCK_CAPTURE_AUTORELEASING = YES;
				CLANG_WARN_BOOL_CONVERSION = YES;
				CLANG_WARN_COMMA = YES;
				CLANG_WARN_CONSTANT_CONVERSION = YES;
				CLANG_WARN_DEPRECATED_OBJC_IMPLEMENTATIONS = YES;
				CLANG_WARN_DIRECT_OBJC_ISA_USAGE = YES_ERROR;
				CLANG_WARN_DOCUMENTATION_COMMENTS = YES;
				CLANG_WARN_EMPTY_BODY = YES;
				CLANG_WARN_ENUM_CONVERSION = YES;
				CLANG_WARN_INFINITE_RECURSION = YES;
				CLANG_WARN_INT_CONVERSION = YES;
				CLANG_WARN_NON_LITERAL_NULL_CONVERSION = YES;
				CLANG_WARN_OBJC_IMPLICIT_RETAIN_SELF = YES;
				CLANG_WARN_OBJC_LITERAL_CONVERSION = YES;
				CLANG_WARN_OBJC_ROOT_CLASS = YES_ERROR;
				CLANG_WARN_QUOTED_INCLUDE_IN_FRAMEWORK_HEADER = YES;
				CLANG_WARN_RANGE_LOOP_ANALYSIS = YES;
				CLANG_WARN_STRICT_PROTOTYPES = YES;
				CLANG_WARN_SUSPICIOUS_MOVE = YES;
				CLANG_WARN_UNGUARDED_AVAILABILITY = YES_AGGRESSIVE;
				CLANG_WARN_UNREACHABLE_CODE = YES;
				CLANG_WARN__DUPLICATE_METHOD_MATCH = YES;
				COPY_PHASE_STRIP = NO;
				DEBUG_INFORMATION_FORMAT = "dwarf-with-dsym";
				ENABLE_NS_ASSERTIONS = NO;
				ENABLE_STRICT_OBJC_MSGSEND = YES;
				ENABLE_USER_SCRIPT_SANDBOXING = YES;
				GCC_C_LANGUAGE_STANDARD = gnu17;
				GCC_NO_COMMON_BLOCKS = YES;
				GCC_WARN_64_TO_32_BIT_CONVERSION = YES;
				GCC_WARN_ABOUT_RETURN_TYPE = YES_ERROR;
				GCC_WARN_UNDECLARED_SELECTOR = YES;
				GCC_WARN_UNINITIALIZED_AUTOS = YES_AGGRESSIVE;
				GCC_WARN_UNUSED_FUNCTION = YES;
				GCC_WARN_UNUSED_VARIABLE = YES;
				IPHONEOS_DEPLOYMENT_TARGET = 17.4;
				LOCALIZATION_PREFERS_STRING_CATALOGS = YES;
				MTL_ENABLE_DEBUG_INFO = NO;
				MTL_FAST_MATH = YES;
				SDKROOT = iphoneos;
				SWIFT_COMPILATION_MODE = wholemodule;
				VALIDATE_PRODUCT = YES;
			};
			name = Release;
		};
		CD1792912BF2D08500B082C0 /* Debug */ = {
			isa = XCBuildConfiguration;
			buildSettings = {
				ASSETCATALOG_COMPILER_APPICON_NAME = AppIcon;
				ASSETCATALOG_COMPILER_GLOBAL_ACCENT_COLOR_NAME = AccentColor;
				CODE_SIGN_STYLE = Automatic;
				CURRENT_PROJECT_VERSION = 1;
				DEVELOPMENT_ASSET_PATHS = "\"HW3/Preview Content\"";
				ENABLE_PREVIEWS = YES;
				GENERATE_INFOPLIST_FILE = YES;
				INFOPLIST_KEY_UIApplicationSceneManifest_Generation = YES;
				INFOPLIST_KEY_UIApplicationSupportsIndirectInputEvents = YES;
				INFOPLIST_KEY_UILaunchScreen_Generation = YES;
				INFOPLIST_KEY_UISupportedInterfaceOrientations_iPad = "UIInterfaceOrientationPortrait UIInterfaceOrientationPortraitUpsideDown UIInterfaceOrientationLandscapeLeft UIInterfaceOrientationLandscapeRight";
				INFOPLIST_KEY_UISupportedInterfaceOrientations_iPhone = "UIInterfaceOrientationPortrait UIInterfaceOrientationLandscapeLeft UIInterfaceOrientationLandscapeRight";
				LD_RUNPATH_SEARCH_PATHS = (
					"$(inherited)",
					"@executable_path/Frameworks",
				);
				MARKETING_VERSION = 1.0;
				PRODUCT_BUNDLE_IDENTIFIER = com.nlopes.HW3;
				PRODUCT_NAME = "$(TARGET_NAME)";
				SWIFT_EMIT_LOC_STRINGS = YES;
				SWIFT_VERSION = 5.0;
				TARGETED_DEVICE_FAMILY = "1,2";
			};
			name = Debug;
		};
		CD1792922BF2D08500B082C0 /* Release */ = {
			isa = XCBuildConfiguration;
			buildSettings = {
				ASSETCATALOG_COMPILER_APPICON_NAME = AppIcon;
				ASSETCATALOG_COMPILER_GLOBAL_ACCENT_COLOR_NAME = AccentColor;
				CODE_SIGN_STYLE = Automatic;
				CURRENT_PROJECT_VERSION = 1;
				DEVELOPMENT_ASSET_PATHS = "\"HW3/Preview Content\"";
				ENABLE_PREVIEWS = YES;
				GENERATE_INFOPLIST_FILE = YES;
				INFOPLIST_KEY_UIApplicationSceneManifest_Generation = YES;
				INFOPLIST_KEY_UIApplicationSupportsIndirectInputEvents = YES;
				INFOPLIST_KEY_UILaunchScreen_Generation = YES;
				INFOPLIST_KEY_UISupportedInterfaceOrientations_iPad = "UIInterfaceOrientationPortrait UIInterfaceOrientationPortraitUpsideDown UIInterfaceOrientationLandscapeLeft UIInterfaceOrientationLandscapeRight";
				INFOPLIST_KEY_UISupportedInterfaceOrientations_iPhone = "UIInterfaceOrientationPortrait UIInterfaceOrientationLandscapeLeft UIInterfaceOrientationLandscapeRight";
				LD_RUNPATH_SEARCH_PATHS = (
					"$(inherited)",
					"@executable_path/Frameworks",
				);
				MARKETING_VERSION = 1.0;
				PRODUCT_BUNDLE_IDENTIFIER = com.nlopes.HW3;
				PRODUCT_NAME = "$(TARGET_NAME)";
				SWIFT_EMIT_LOC_STRINGS = YES;
				SWIFT_VERSION = 5.0;
				TARGETED_DEVICE_FAMILY = "1,2";
			};
			name = Release;
		};
		CD1792942BF2D08500B082C0 /* Debug */ = {
			isa = XCBuildConfiguration;
			buildSettings = {
				ALWAYS_EMBED_SWIFT_STANDARD_LIBRARIES = YES;
				BUNDLE_LOADER = "$(TEST_HOST)";
				CODE_SIGN_STYLE = Automatic;
				CURRENT_PROJECT_VERSION = 1;
				GENERATE_INFOPLIST_FILE = YES;
				IPHONEOS_DEPLOYMENT_TARGET = 17.4;
				MARKETING_VERSION = 1.0;
				PRODUCT_BUNDLE_IDENTIFIER = com.nlopes.HW3Tests;
				PRODUCT_NAME = "$(TARGET_NAME)";
				SWIFT_EMIT_LOC_STRINGS = NO;
				SWIFT_VERSION = 5.0;
				TARGETED_DEVICE_FAMILY = "1,2";
				TEST_HOST = "$(BUILT_PRODUCTS_DIR)/HW3.app/$(BUNDLE_EXECUTABLE_FOLDER_PATH)/HW3";
			};
			name = Debug;
		};
		CD1792952BF2D08500B082C0 /* Release */ = {
			isa = XCBuildConfiguration;
			buildSettings = {
				ALWAYS_EMBED_SWIFT_STANDARD_LIBRARIES = YES;
				BUNDLE_LOADER = "$(TEST_HOST)";
				CODE_SIGN_STYLE = Automatic;
				CURRENT_PROJECT_VERSION = 1;
				GENERATE_INFOPLIST_FILE = YES;
				IPHONEOS_DEPLOYMENT_TARGET = 17.4;
				MARKETING_VERSION = 1.0;
				PRODUCT_BUNDLE_IDENTIFIER = com.nlopes.HW3Tests;
				PRODUCT_NAME = "$(TARGET_NAME)";
				SWIFT_EMIT_LOC_STRINGS = NO;
				SWIFT_VERSION = 5.0;
				TARGETED_DEVICE_FAMILY = "1,2";
				TEST_HOST = "$(BUILT_PRODUCTS_DIR)/HW3.app/$(BUNDLE_EXECUTABLE_FOLDER_PATH)/HW3";
			};
			name = Release;
		};
		CD1792972BF2D08500B082C0 /* Debug */ = {
			isa = XCBuildConfiguration;
			buildSettings = {
				ALWAYS_EMBED_SWIFT_STANDARD_LIBRARIES = YES;
				CODE_SIGN_STYLE = Automatic;
				CURRENT_PROJECT_VERSION = 1;
				GENERATE_INFOPLIST_FILE = YES;
				MARKETING_VERSION = 1.0;
				PRODUCT_BUNDLE_IDENTIFIER = com.nlopes.HW3UITests;
				PRODUCT_NAME = "$(TARGET_NAME)";
				SWIFT_EMIT_LOC_STRINGS = NO;
				SWIFT_VERSION = 5.0;
				TARGETED_DEVICE_FAMILY = "1,2";
				TEST_TARGET_NAME = HW3;
			};
			name = Debug;
		};
		CD1792982BF2D08500B082C0 /* Release */ = {
			isa = XCBuildConfiguration;
			buildSettings = {
				ALWAYS_EMBED_SWIFT_STANDARD_LIBRARIES = YES;
				CODE_SIGN_STYLE = Automatic;
				CURRENT_PROJECT_VERSION = 1;
				GENERATE_INFOPLIST_FILE = YES;
				MARKETING_VERSION = 1.0;
				PRODUCT_BUNDLE_IDENTIFIER = com.nlopes.HW3UITests;
				PRODUCT_NAME = "$(TARGET_NAME)";
				SWIFT_EMIT_LOC_STRINGS = NO;
				SWIFT_VERSION = 5.0;
				TARGETED_DEVICE_FAMILY = "1,2";
				TEST_TARGET_NAME = HW3;
			};
			name = Release;
		};
/* End XCBuildConfiguration section */

/* Begin XCConfigurationList section */
		CD1792672BF2D07E00B082C0 /* Build configuration list for PBXProject "HW3" */ = {
			isa = XCConfigurationList;
			buildConfigurations = (
				CD17928E2BF2D08500B082C0 /* Debug */,
				CD17928F2BF2D08500B082C0 /* Release */,
			);
			defaultConfigurationIsVisible = 0;
			defaultConfigurationName = Release;
		};
		CD1792902BF2D08500B082C0 /* Build configuration list for PBXNativeTarget "HW3" */ = {
			isa = XCConfigurationList;
			buildConfigurations = (
				CD1792912BF2D08500B082C0 /* Debug */,
				CD1792922BF2D08500B082C0 /* Release */,
			);
			defaultConfigurationIsVisible = 0;
			defaultConfigurationName = Release;
		};
		CD1792932BF2D08500B082C0 /* Build configuration list for PBXNativeTarget "HW3Tests" */ = {
			isa = XCConfigurationList;
			buildConfigurations = (
				CD1792942BF2D08500B082C0 /* Debug */,
				CD1792952BF2D08500B082C0 /* Release */,
			);
			defaultConfigurationIsVisible = 0;
			defaultConfigurationName = Release;
		};
		CD1792962BF2D08500B082C0 /* Build configuration list for PBXNativeTarget "HW3UITests" */ = {
			isa = XCConfigurationList;
			buildConfigurations = (
				CD1792972BF2D08500B082C0 /* Debug */,
				CD1792982BF2D08500B082C0 /* Release */,
			);
			defaultConfigurationIsVisible = 0;
			defaultConfigurationName = Release;
		};
/* End XCConfigurationList section */
	};
	rootObject = CD1792642BF2D07E00B082C0 /* Project object */;
}
